
Microsoft Visual Studio Solution File, Format Version 12.00
# Visual Studio Version 16
Project("{FAE04EC0-301F-11D3-BF4B-00C04F79EFBC}") = "MicroServicesWeb", "MicroServicesWeb\MicroServicesWeb.csproj", "{FE9FF2B1-3E45-429B-A457-EFE04C0A8BA6}"
EndProject
Project("{FAE04EC0-301F-11D3-BF4B-00C04F79EFBC}") = "Core", "Core\Core.csproj", "{FAE73FEF-E6F6-4F5E-A13A-A85D0AFECDBA}"
EndProject
Project("{2150E333-8FDC-42A3-9474-1A3956D46DE8}") = "Web", "Web", "{DC9F1C30-8014-46B1-A48E-605B1B81D79E}"
EndProject
Project("{2150E333-8FDC-42A3-9474-1A3956D46DE8}") = "Application", "Application", "{7F7C7AAE-F3BB-4EF7-B5AF-E2F924D7C91C}"
EndProject
Project("{2150E333-8FDC-42A3-9474-1A3956D46DE8}") = "Service", "Service", "{670EA974-8F92-4492-B5C0-A5F0BE08B201}"
EndProject
Project("{FAE04EC0-301F-11D3-BF4B-00C04F79EFBC}") = "OrderService", "OrderService\OrderService.csproj", "{4086F5B4-3E69-4EC8-9112-F46D6D33C2DE}"
EndProject
Project("{FAE04EC0-301F-11D3-BF4B-00C04F79EFBC}") = "ProductService", "ProductService\ProductService.csproj", "{0CCDAD3C-D910-44A2-A8CB-022345141EC6}"
EndProject
Project("{2150E333-8FDC-42A3-9474-1A3956D46DE8}") = "ApiGateway", "ApiGateway", "{844F6FF9-1132-4AB5-B82A-1C5C452534A3}"
EndProject
Project("{FAE04EC0-301F-11D3-BF4B-00C04F79EFBC}") = "Ocelot.APIGateway", "Ocelot.APIGateway\Ocelot.APIGateway.csproj", "{7961CB48-26DB-4AC2-9FA0-77EF0CF6874B}"
EndProject
Global
	GlobalSection(SolutionConfigurationPlatforms) = preSolution
		Debug|Any CPU = Debug|Any CPU
		Release|Any CPU = Release|Any CPU
	EndGlobalSection
	GlobalSection(ProjectConfigurationPlatforms) = postSolution
		{FE9FF2B1-3E45-429B-A457-EFE04C0A8BA6}.Debug|Any CPU.ActiveCfg = Debug|Any CPU
		{FE9FF2B1-3E45-429B-A457-EFE04C0A8BA6}.Debug|Any CPU.Build.0 = Debug|Any CPU
		{FE9FF2B1-3E45-429B-A457-EFE04C0A8BA6}.Release|Any CPU.ActiveCfg = Release|Any CPU
		{FE9FF2B1-3E45-429B-A457-EFE04C0A8BA6}.Release|Any CPU.Build.0 = Release|Any CPU
		{FAE73FEF-E6F6-4F5E-A13A-A85D0AFECDBA}.Debug|Any CPU.ActiveCfg = Debug|Any CPU
		{FAE73FEF-E6F6-4F5E-A13A-A85D0AFECDBA}.Debug|Any CPU.Build.0 = Debug|Any CPU
		{FAE73FEF-E6F6-4F5E-A13A-A85D0AFECDBA}.Release|Any CPU.ActiveCfg = Release|Any CPU
		{FAE73FEF-E6F6-4F5E-A13A-A85D0AFECDBA}.Release|Any CPU.Build.0 = Release|Any CPU
		{4086F5B4-3E69-4EC8-9112-F46D6D33C2DE}.Debug|Any CPU.ActiveCfg = Debug|Any CPU
		{4086F5B4-3E69-4EC8-9112-F46D6D33C2DE}.Debug|Any CPU.Build.0 = Debug|Any CPU
		{4086F5B4-3E69-4EC8-9112-F46D6D33C2DE}.Release|Any CPU.ActiveCfg = Release|Any CPU
		{4086F5B4-3E69-4EC8-9112-F46D6D33C2DE}.Release|Any CPU.Build.0 = Release|Any CPU
		{0CCDAD3C-D910-44A2-A8CB-022345141EC6}.Debug|Any CPU.ActiveCfg = Debug|Any CPU
		{0CCDAD3C-D910-44A2-A8CB-022345141EC6}.Debug|Any CPU.Build.0 = Debug|Any CPU
		{0CCDAD3C-D910-44A2-A8CB-022345141EC6}.Release|Any CPU.ActiveCfg = Release|Any CPU
		{0CCDAD3C-D910-44A2-A8CB-022345141EC6}.Release|Any CPU.Build.0 = Release|Any CPU
		{7961CB48-26DB-4AC2-9FA0-77EF0CF6874B}.Debug|Any CPU.ActiveCfg = Debug|Any CPU
		{7961CB48-26DB-4AC2-9FA0-77EF0CF6874B}.Debug|Any CPU.Build.0 = Debug|Any CPU
		{7961CB48-26DB-4AC2-9FA0-77EF0CF6874B}.Release|Any CPU.ActiveCfg = Release|Any CPU
		{7961CB48-26DB-4AC2-9FA0-77EF0CF6874B}.Release|Any CPU.Build.0 = Release|Any CPU
	EndGlobalSection
	GlobalSection(NestedProjects) = preSolution
		{FE9FF2B1-3E45-429B-A457-EFE04C0A8BA6} = {DC9F1C30-8014-46B1-A48E-605B1B81D79E}
		{670EA974-8F92-4492-B5C0-A5F0BE08B201} = {7F7C7AAE-F3BB-4EF7-B5AF-E2F924D7C91C}
		{4086F5B4-3E69-4EC8-9112-F46D6D33C2DE} = {670EA974-8F92-4492-B5C0-A5F0BE08B201}
		{0CCDAD3C-D910-44A2-A8CB-022345141EC6} = {670EA974-8F92-4492-B5C0-A5F0BE08B201}
		{844F6FF9-1132-4AB5-B82A-1C5C452534A3} = {7F7C7AAE-F3BB-4EF7-B5AF-E2F924D7C91C}
		{7961CB48-26DB-4AC2-9FA0-77EF0CF6874B} = {844F6FF9-1132-4AB5-B82A-1C5C452534A3}
	EndGlobalSection
EndGlobal
